
Microsoft Visual Studio Solution File, Format Version 12.00
# Visual Studio Version 17
VisualStudioVersion = 17.14.36310.24 d17.14
MinimumVisualStudioVersion = 10.0.40219.1
Project("{FAE04EC0-301F-11D3-BF4B-00C04F79EFBC}") = "BookManagementSystem", "BookManagementSystem\BookManagementSystem.csproj", "{1C07033F-B09B-4326-9AB1-F04911021DBC}"
EndProject
Global
	GlobalSection(SolutionConfigurationPlatforms) = preSolution
		Debug|Any CPU = Debug|Any CPU
		Release|Any CPU = Release|Any CPU
	EndGlobalSection
	GlobalSection(ProjectConfigurationPlatforms) = postSolution
		{1C07033F-B09B-4326-9AB1-F04911021DBC}.Debug|Any CPU.ActiveCfg = Debug|Any CPU
		{1C07033F-B09B-4326-9AB1-F04911021DBC}.Debug|Any CPU.Build.0 = Debug|Any CPU
		{1C07033F-B09B-4326-9AB1-F04911021DBC}.Release|Any CPU.ActiveCfg = Release|Any CPU
		{1C07033F-B09B-4326-9AB1-F04911021DBC}.Release|Any CPU.Build.0 = Release|Any CPU
	EndGlobalSection
	GlobalSection(SolutionProperties) = preSolution
		HideSolutionNode = FALSE
	EndGlobalSection
	GlobalSection(ExtensibilityGlobals) = postSolution
		SolutionGuid = {5BF96CAE-CF9F-4432-948B-FBECE672C71A}
	EndGlobalSection
EndGlobal
